// !$*UTF8*$!
{
	archiveVersion = 1;
	classes = {
	};
	objectVersion = 46;
	objects = {

/* Begin PBXBuildFile section */
		092E4F6C18F53513008CE39F /* AdefyRenderer.m in Sources */ = {isa = PBXBuildFile; fileRef = 092E4F6B18F53513008CE39F /* AdefyRenderer.m */; };
		093082BA18FA9443005D8336 /* JavaScriptCore.framework in Frameworks */ = {isa = PBXBuildFile; fileRef = 093082B918FA9443005D8336 /* JavaScriptCore.framework */; };
		0956347F18F86AB50012CE23 /* libChipmunkPro.a in Frameworks */ = {isa = PBXBuildFile; fileRef = 0956347D18F86AB50012CE23 /* libChipmunkPro.a */; };
		0956348018F86AB50012CE23 /* libObjectiveChipmunk.a in Frameworks */ = {isa = PBXBuildFile; fileRef = 0956347E18F86AB50012CE23 /* libObjectiveChipmunk.a */; };
		09655CB118F47CE9002D4C92 /* Foundation.framework in Frameworks */ = {isa = PBXBuildFile; fileRef = 09655CB018F47CE9002D4C92 /* Foundation.framework */; };
		09655CB318F47CE9002D4C92 /* CoreGraphics.framework in Frameworks */ = {isa = PBXBuildFile; fileRef = 09655CB218F47CE9002D4C92 /* CoreGraphics.framework */; };
		09655CB518F47CE9002D4C92 /* UIKit.framework in Frameworks */ = {isa = PBXBuildFile; fileRef = 09655CB418F47CE9002D4C92 /* UIKit.framework */; };
		09655CB718F47CE9002D4C92 /* GLKit.framework in Frameworks */ = {isa = PBXBuildFile; fileRef = 09655CB618F47CE9002D4C92 /* GLKit.framework */; };
		09655CB918F47CE9002D4C92 /* OpenGLES.framework in Frameworks */ = {isa = PBXBuildFile; fileRef = 09655CB818F47CE9002D4C92 /* OpenGLES.framework */; };
		09655CBF18F47CE9002D4C92 /* InfoPlist.strings in Resources */ = {isa = PBXBuildFile; fileRef = 09655CBD18F47CE9002D4C92 /* InfoPlist.strings */; };
		09655CC118F47CE9002D4C92 /* main.m in Sources */ = {isa = PBXBuildFile; fileRef = 09655CC018F47CE9002D4C92 /* main.m */; };
		09655CC518F47CE9002D4C92 /* AdefyAppDelegate.m in Sources */ = {isa = PBXBuildFile; fileRef = 09655CC418F47CE9002D4C92 /* AdefyAppDelegate.m */; };
		09655CC818F47CE9002D4C92 /* Main_iPhone.storyboard in Resources */ = {isa = PBXBuildFile; fileRef = 09655CC618F47CE9002D4C92 /* Main_iPhone.storyboard */; };
		09655CCB18F47CE9002D4C92 /* Main_iPad.storyboard in Resources */ = {isa = PBXBuildFile; fileRef = 09655CC918F47CE9002D4C92 /* Main_iPad.storyboard */; };
		09655CD218F47CE9002D4C92 /* AdefyViewController.m in Sources */ = {isa = PBXBuildFile; fileRef = 09655CD118F47CE9002D4C92 /* AdefyViewController.m */; };
		09655CD418F47CE9002D4C92 /* Images.xcassets in Resources */ = {isa = PBXBuildFile; fileRef = 09655CD318F47CE9002D4C92 /* Images.xcassets */; };
		09655CDB18F47CE9002D4C92 /* XCTest.framework in Frameworks */ = {isa = PBXBuildFile; fileRef = 09655CDA18F47CE9002D4C92 /* XCTest.framework */; };
		09655CDC18F47CE9002D4C92 /* Foundation.framework in Frameworks */ = {isa = PBXBuildFile; fileRef = 09655CB018F47CE9002D4C92 /* Foundation.framework */; };
		09655CDD18F47CE9002D4C92 /* UIKit.framework in Frameworks */ = {isa = PBXBuildFile; fileRef = 09655CB418F47CE9002D4C92 /* UIKit.framework */; };
		09655CE518F47CE9002D4C92 /* InfoPlist.strings in Resources */ = {isa = PBXBuildFile; fileRef = 09655CE318F47CE9002D4C92 /* InfoPlist.strings */; };
		09655CE718F47CE9002D4C92 /* Adefy_iOSTests.m in Sources */ = {isa = PBXBuildFile; fileRef = 09655CE618F47CE9002D4C92 /* Adefy_iOSTests.m */; };
		096598261917FE1F001FAE2D /* AdSupport.framework in Frameworks */ = {isa = PBXBuildFile; fileRef = 096598251917FE1E001FAE2D /* AdSupport.framework */; };
		09BDCD14191572FC00675212 /* ajs-prod.min.js in Resources */ = {isa = PBXBuildFile; fileRef = 09BDCD12191572E700675212 /* ajs-prod.min.js */; };
		09F58E9319194BE700B41613 /* libz.dylib in Frameworks */ = {isa = PBXBuildFile; fileRef = 09F58E9219194BE700B41613 /* libz.dylib */; };
		09F58EA119194C6400B41613 /* ioapi.c in Sources */ = {isa = PBXBuildFile; fileRef = 09F58E9719194C6400B41613 /* ioapi.c */; };
		09F58EA219194C6400B41613 /* mztools.c in Sources */ = {isa = PBXBuildFile; fileRef = 09F58E9919194C6400B41613 /* mztools.c */; };
		09F58EA319194C6400B41613 /* unzip.c in Sources */ = {isa = PBXBuildFile; fileRef = 09F58E9B19194C6400B41613 /* unzip.c */; };
		09F58EA419194C6400B41613 /* zip.c in Sources */ = {isa = PBXBuildFile; fileRef = 09F58E9D19194C6400B41613 /* zip.c */; };
		09F58EA519194C6400B41613 /* SSZipArchive.m in Sources */ = {isa = PBXBuildFile; fileRef = 09F58EA019194C6400B41613 /* SSZipArchive.m */; };
		2EB9D15D7B882DF9CE0381A9 /* AdefyJSAnimationInterface.m in Sources */ = {isa = PBXBuildFile; fileRef = 2EB9D7B5606033B6C9DC5240 /* AdefyJSAnimationInterface.m */; };
		2EB9D189C913E10A0B3D9B33 /* AdefySingleColorMaterial.m in Sources */ = {isa = PBXBuildFile; fileRef = 2EB9DB7258BF83202B9C832B /* AdefySingleColorMaterial.m */; };
		2EB9D3215F94785CF9F6CB75 /* AdefyTexturedMaterial.m in Sources */ = {isa = PBXBuildFile; fileRef = 2EB9D6385AC69BE5FEC78A95 /* AdefyTexturedMaterial.m */; };
		2EB9D529E121C755076ACF04 /* ShaderSingleColor.vsh in Resources */ = {isa = PBXBuildFile; fileRef = 2EB9DE2602A2819433076D1A /* ShaderSingleColor.vsh */; };
		2EB9D724B19EF6EBBB78EA63 /* AdefyShader.m in Sources */ = {isa = PBXBuildFile; fileRef = 2EB9D5AE7D1269607D4CA9AE /* AdefyShader.m */; };
		2EB9D78A3A9FBA95E4E4BAE7 /* AdefyJSInterface.m in Sources */ = {isa = PBXBuildFile; fileRef = 2EB9DD258F0BA49CDCEBBE6C /* AdefyJSInterface.m */; };
		2EB9D7B09D64AEB4A182172C /* AdefyActor.m in Sources */ = {isa = PBXBuildFile; fileRef = 2EB9DD26FC09AEA5C7BB84DB /* AdefyActor.m */; };
		2EB9D8D0E030539F5B4E3962 /* AdefyJSEngineInterface.m in Sources */ = {isa = PBXBuildFile; fileRef = 2EB9DD4B02C86A8CAD1F9948 /* AdefyJSEngineInterface.m */; };
		2EB9D93581E8473411A1F68D /* AdefyPhysics.m in Sources */ = {isa = PBXBuildFile; fileRef = 2EB9D4EC7EF13587E46152A3 /* AdefyPhysics.m */; };
		2EB9DA4789DF71BD2A0142DE /* AdefyColor3.m in Sources */ = {isa = PBXBuildFile; fileRef = 2EB9D3D91035EEACF4467FCC /* AdefyColor3.m */; };
		2EB9DB006BDD0A3A5AD96D2B /* AdefyDownloader.m in Sources */ = {isa = PBXBuildFile; fileRef = 2EB9D7FC6EC6A22383BD55F3 /* AdefyDownloader.m */; };
		2EB9DB279D682ACE8CD4EFB9 /* ShaderSingleColor.fsh in Resources */ = {isa = PBXBuildFile; fileRef = 2EB9D3D464CE444AFBDDBC09 /* ShaderSingleColor.fsh */; };
		2EB9DB81318AF545C9796350 /* ShaderTexture.fsh in Resources */ = {isa = PBXBuildFile; fileRef = 2EB9D1CE17F584797A9EFB7A /* ShaderTexture.fsh */; };
		2EB9DC52E05347D39AF8B0EE /* AdefyMaterial.m in Sources */ = {isa = PBXBuildFile; fileRef = 2EB9DF263ADCA010FDE055AA /* AdefyMaterial.m */; };
		2EB9DC84500A13C3E2E9206C /* AdefyRectangleActor.m in Sources */ = {isa = PBXBuildFile; fileRef = 2EB9D720C130100B16B6F8C6 /* AdefyRectangleActor.m */; };
		2EB9DD317222AC528DBE9F07 /* AdefyTexture.m in Sources */ = {isa = PBXBuildFile; fileRef = 2EB9D7093A86FF89655CFE97 /* AdefyTexture.m */; };
		2EB9DE96DDCC1AF1523E37AB /* ShaderTexture.vsh in Resources */ = {isa = PBXBuildFile; fileRef = 2EB9D3ADBCDBE722D20E60E7 /* ShaderTexture.vsh */; };
		2EB9DEE5411EDC0B0DD18663 /* AdefyJSActorInterface.m in Sources */ = {isa = PBXBuildFile; fileRef = 2EB9DF7BF67D528EBB45BD59 /* AdefyJSActorInterface.m */; };
/* End PBXBuildFile section */

/* Begin PBXContainerItemProxy section */
		09655CDE18F47CE9002D4C92 /* PBXContainerItemProxy */ = {
			isa = PBXContainerItemProxy;
			containerPortal = 09655CA518F47CE9002D4C92 /* Project object */;
			proxyType = 1;
			remoteGlobalIDString = 09655CAC18F47CE9002D4C92;
			remoteInfo = "Adefy iOS";
		};
/* End PBXContainerItemProxy section */

/* Begin PBXFileReference section */
		092E4F6A18F53513008CE39F /* AdefyRenderer.h */ = {isa = PBXFileReference; fileEncoding = 4; lastKnownFileType = sourcecode.c.h; path = AdefyRenderer.h; sourceTree = "<group>"; };
		092E4F6B18F53513008CE39F /* AdefyRenderer.m */ = {isa = PBXFileReference; fileEncoding = 4; lastKnownFileType = sourcecode.c.objc; path = AdefyRenderer.m; sourceTree = "<group>"; };
		093082B918FA9443005D8336 /* JavaScriptCore.framework */ = {isa = PBXFileReference; lastKnownFileType = wrapper.framework; name = JavaScriptCore.framework; path = System/Library/Frameworks/JavaScriptCore.framework; sourceTree = SDKROOT; };
		095632C618F862230012CE23 /* libChipmunkPro-iPhone.a */ = {isa = PBXFileReference; lastKnownFileType = archive.ar; name = "libChipmunkPro-iPhone.a"; path = "ChipmunkPro-iPhone-Trial/libChipmunkPro-iPhone.a"; sourceTree = "<group>"; };
		095632DD18F864770012CE23 /* libObjectiveChipmunk.a */ = {isa = PBXFileReference; lastKnownFileType = archive.ar; name = libObjectiveChipmunk.a; path = "ChipmunkPro-6.2.1/build/Debug-iphonesimulator/libObjectiveChipmunk.a"; sourceTree = "<group>"; };
		0956344E18F866CA0012CE23 /* chipmunk.h */ = {isa = PBXFileReference; fileEncoding = 4; lastKnownFileType = sourcecode.c.h; path = chipmunk.h; sourceTree = "<group>"; };
		0956344F18F866CA0012CE23 /* chipmunk_ffi.h */ = {isa = PBXFileReference; fileEncoding = 4; lastKnownFileType = sourcecode.c.h; path = chipmunk_ffi.h; sourceTree = "<group>"; };
		0956345018F866CA0012CE23 /* chipmunk_private.h */ = {isa = PBXFileReference; fileEncoding = 4; lastKnownFileType = sourcecode.c.h; path = chipmunk_private.h; sourceTree = "<group>"; };
		0956345118F866CA0012CE23 /* chipmunk_types.h */ = {isa = PBXFileReference; fileEncoding = 4; lastKnownFileType = sourcecode.c.h; path = chipmunk_types.h; sourceTree = "<group>"; };
		0956345218F866CA0012CE23 /* chipmunk_unsafe.h */ = {isa = PBXFileReference; fileEncoding = 4; lastKnownFileType = sourcecode.c.h; path = chipmunk_unsafe.h; sourceTree = "<group>"; };
		0956345418F866CA0012CE23 /* cpConstraint.h */ = {isa = PBXFileReference; fileEncoding = 4; lastKnownFileType = sourcecode.c.h; path = cpConstraint.h; sourceTree = "<group>"; };
		0956345518F866CA0012CE23 /* cpDampedRotarySpring.h */ = {isa = PBXFileReference; fileEncoding = 4; lastKnownFileType = sourcecode.c.h; path = cpDampedRotarySpring.h; sourceTree = "<group>"; };
		0956345618F866CA0012CE23 /* cpDampedSpring.h */ = {isa = PBXFileReference; fileEncoding = 4; lastKnownFileType = sourcecode.c.h; path = cpDampedSpring.h; sourceTree = "<group>"; };
		0956345718F866CA0012CE23 /* cpGearJoint.h */ = {isa = PBXFileReference; fileEncoding = 4; lastKnownFileType = sourcecode.c.h; path = cpGearJoint.h; sourceTree = "<group>"; };
		0956345818F866CA0012CE23 /* cpGrooveJoint.h */ = {isa = PBXFileReference; fileEncoding = 4; lastKnownFileType = sourcecode.c.h; path = cpGrooveJoint.h; sourceTree = "<group>"; };
		0956345918F866CA0012CE23 /* cpPinJoint.h */ = {isa = PBXFileReference; fileEncoding = 4; lastKnownFileType = sourcecode.c.h; path = cpPinJoint.h; sourceTree = "<group>"; };
		0956345A18F866CA0012CE23 /* cpPivotJoint.h */ = {isa = PBXFileReference; fileEncoding = 4; lastKnownFileType = sourcecode.c.h; path = cpPivotJoint.h; sourceTree = "<group>"; };
		0956345B18F866CA0012CE23 /* cpRatchetJoint.h */ = {isa = PBXFileReference; fileEncoding = 4; lastKnownFileType = sourcecode.c.h; path = cpRatchetJoint.h; sourceTree = "<group>"; };
		0956345C18F866CA0012CE23 /* cpRotaryLimitJoint.h */ = {isa = PBXFileReference; fileEncoding = 4; lastKnownFileType = sourcecode.c.h; path = cpRotaryLimitJoint.h; sourceTree = "<group>"; };
		0956345D18F866CA0012CE23 /* cpSimpleMotor.h */ = {isa = PBXFileReference; fileEncoding = 4; lastKnownFileType = sourcecode.c.h; path = cpSimpleMotor.h; sourceTree = "<group>"; };
		0956345E18F866CA0012CE23 /* cpSlideJoint.h */ = {isa = PBXFileReference; fileEncoding = 4; lastKnownFileType = sourcecode.c.h; path = cpSlideJoint.h; sourceTree = "<group>"; };
		0956345F18F866CA0012CE23 /* util.h */ = {isa = PBXFileReference; fileEncoding = 4; lastKnownFileType = sourcecode.c.h; path = util.h; sourceTree = "<group>"; };
		0956346018F866CA0012CE23 /* cpArbiter.h */ = {isa = PBXFileReference; fileEncoding = 4; lastKnownFileType = sourcecode.c.h; path = cpArbiter.h; sourceTree = "<group>"; };
		0956346118F866CA0012CE23 /* cpBB.h */ = {isa = PBXFileReference; fileEncoding = 4; lastKnownFileType = sourcecode.c.h; path = cpBB.h; sourceTree = "<group>"; };
		0956346218F866CA0012CE23 /* cpBody.h */ = {isa = PBXFileReference; fileEncoding = 4; lastKnownFileType = sourcecode.c.h; path = cpBody.h; sourceTree = "<group>"; };
		0956346318F866CA0012CE23 /* cpPolyShape.h */ = {isa = PBXFileReference; fileEncoding = 4; lastKnownFileType = sourcecode.c.h; path = cpPolyShape.h; sourceTree = "<group>"; };
		0956346418F866CA0012CE23 /* cpShape.h */ = {isa = PBXFileReference; fileEncoding = 4; lastKnownFileType = sourcecode.c.h; path = cpShape.h; sourceTree = "<group>"; };
		0956346518F866CA0012CE23 /* cpSpace.h */ = {isa = PBXFileReference; fileEncoding = 4; lastKnownFileType = sourcecode.c.h; path = cpSpace.h; sourceTree = "<group>"; };
		0956346618F866CA0012CE23 /* cpSpatialIndex.h */ = {isa = PBXFileReference; fileEncoding = 4; lastKnownFileType = sourcecode.c.h; path = cpSpatialIndex.h; sourceTree = "<group>"; };
		0956346718F866CA0012CE23 /* cpVect.h */ = {isa = PBXFileReference; fileEncoding = 4; lastKnownFileType = sourcecode.c.h; path = cpVect.h; sourceTree = "<group>"; };
		0956346818F866CA0012CE23 /* ChipmunkAutoGeometry.h */ = {isa = PBXFileReference; fileEncoding = 4; lastKnownFileType = sourcecode.c.h; path = ChipmunkAutoGeometry.h; sourceTree = "<group>"; };
		0956346918F866CA0012CE23 /* ChipmunkBody.h */ = {isa = PBXFileReference; fileEncoding = 4; lastKnownFileType = sourcecode.c.h; path = ChipmunkBody.h; sourceTree = "<group>"; };
		0956346A18F866CA0012CE23 /* ChipmunkConstraint.h */ = {isa = PBXFileReference; fileEncoding = 4; lastKnownFileType = sourcecode.c.h; path = ChipmunkConstraint.h; sourceTree = "<group>"; };
		0956346B18F866CA0012CE23 /* ChipmunkExtras.h */ = {isa = PBXFileReference; fileEncoding = 4; lastKnownFileType = sourcecode.c.h; path = ChipmunkExtras.h; sourceTree = "<group>"; };
		0956346C18F866CA0012CE23 /* ChipmunkHastySpace.h */ = {isa = PBXFileReference; fileEncoding = 4; lastKnownFileType = sourcecode.c.h; path = ChipmunkHastySpace.h; sourceTree = "<group>"; };
		0956346D18F866CA0012CE23 /* ChipmunkImageSampler.h */ = {isa = PBXFileReference; fileEncoding = 4; lastKnownFileType = sourcecode.c.h; path = ChipmunkImageSampler.h; sourceTree = "<group>"; };
		0956346E18F866CA0012CE23 /* ChipmunkMultiGrab.h */ = {isa = PBXFileReference; fileEncoding = 4; lastKnownFileType = sourcecode.c.h; path = ChipmunkMultiGrab.h; sourceTree = "<group>"; };
		0956346F18F866CA0012CE23 /* ChipmunkObject.h */ = {isa = PBXFileReference; fileEncoding = 4; lastKnownFileType = sourcecode.c.h; path = ChipmunkObject.h; sourceTree = "<group>"; };
		0956347018F866CA0012CE23 /* ChipmunkPointCloudSampler.h */ = {isa = PBXFileReference; fileEncoding = 4; lastKnownFileType = sourcecode.c.h; path = ChipmunkPointCloudSampler.h; sourceTree = "<group>"; };
		0956347118F866CA0012CE23 /* ChipmunkShape.h */ = {isa = PBXFileReference; fileEncoding = 4; lastKnownFileType = sourcecode.c.h; path = ChipmunkShape.h; sourceTree = "<group>"; };
		0956347218F866CA0012CE23 /* ChipmunkSpace.h */ = {isa = PBXFileReference; fileEncoding = 4; lastKnownFileType = sourcecode.c.h; path = ChipmunkSpace.h; sourceTree = "<group>"; };
		0956347318F866CA0012CE23 /* ChipmunkTileCache.h */ = {isa = PBXFileReference; fileEncoding = 4; lastKnownFileType = sourcecode.c.h; path = ChipmunkTileCache.h; sourceTree = "<group>"; };
		0956347418F866CA0012CE23 /* cpHastySpace.h */ = {isa = PBXFileReference; fileEncoding = 4; lastKnownFileType = sourcecode.c.h; path = cpHastySpace.h; sourceTree = "<group>"; };
		0956347518F866CA0012CE23 /* cpMarch.h */ = {isa = PBXFileReference; fileEncoding = 4; lastKnownFileType = sourcecode.c.h; path = cpMarch.h; sourceTree = "<group>"; };
		0956347618F866CA0012CE23 /* cpPolyline.h */ = {isa = PBXFileReference; fileEncoding = 4; lastKnownFileType = sourcecode.c.h; path = cpPolyline.h; sourceTree = "<group>"; };
		0956347818F866CA0012CE23 /* ObjectiveChipmunk.h */ = {isa = PBXFileReference; fileEncoding = 4; lastKnownFileType = sourcecode.c.h; path = ObjectiveChipmunk.h; sourceTree = "<group>"; };
		0956347B18F868530012CE23 /* libChipmunkPro.a */ = {isa = PBXFileReference; lastKnownFileType = archive.ar; name = libChipmunkPro.a; path = "ChipmunkPro-6.2.1/build/Debug-iphonesimulator/libChipmunkPro.a"; sourceTree = "<group>"; };
		0956347D18F86AB50012CE23 /* libChipmunkPro.a */ = {isa = PBXFileReference; lastKnownFileType = archive.ar; name = libChipmunkPro.a; path = "ChipmunkPro-6.2.1/build/Release-iphoneos/libChipmunkPro.a"; sourceTree = "<group>"; };
		0956347E18F86AB50012CE23 /* libObjectiveChipmunk.a */ = {isa = PBXFileReference; lastKnownFileType = archive.ar; name = libObjectiveChipmunk.a; path = "ChipmunkPro-6.2.1/build/Release-iphoneos/libObjectiveChipmunk.a"; sourceTree = "<group>"; };
		09655CAD18F47CE9002D4C92 /* Adefy iOS.app */ = {isa = PBXFileReference; explicitFileType = wrapper.application; includeInIndex = 0; path = "Adefy iOS.app"; sourceTree = BUILT_PRODUCTS_DIR; };
		09655CB018F47CE9002D4C92 /* Foundation.framework */ = {isa = PBXFileReference; lastKnownFileType = wrapper.framework; name = Foundation.framework; path = System/Library/Frameworks/Foundation.framework; sourceTree = SDKROOT; };
		09655CB218F47CE9002D4C92 /* CoreGraphics.framework */ = {isa = PBXFileReference; lastKnownFileType = wrapper.framework; name = CoreGraphics.framework; path = System/Library/Frameworks/CoreGraphics.framework; sourceTree = SDKROOT; };
		09655CB418F47CE9002D4C92 /* UIKit.framework */ = {isa = PBXFileReference; lastKnownFileType = wrapper.framework; name = UIKit.framework; path = System/Library/Frameworks/UIKit.framework; sourceTree = SDKROOT; };
		09655CB618F47CE9002D4C92 /* GLKit.framework */ = {isa = PBXFileReference; lastKnownFileType = wrapper.framework; name = GLKit.framework; path = System/Library/Frameworks/GLKit.framework; sourceTree = SDKROOT; };
		09655CB818F47CE9002D4C92 /* OpenGLES.framework */ = {isa = PBXFileReference; lastKnownFileType = wrapper.framework; name = OpenGLES.framework; path = System/Library/Frameworks/OpenGLES.framework; sourceTree = SDKROOT; };
		09655CBC18F47CE9002D4C92 /* Adefy iOS-Info.plist */ = {isa = PBXFileReference; lastKnownFileType = text.plist.xml; path = "Adefy iOS-Info.plist"; sourceTree = "<group>"; };
		09655CBE18F47CE9002D4C92 /* en */ = {isa = PBXFileReference; lastKnownFileType = text.plist.strings; name = en; path = en.lproj/InfoPlist.strings; sourceTree = "<group>"; };
		09655CC018F47CE9002D4C92 /* main.m */ = {isa = PBXFileReference; lastKnownFileType = sourcecode.c.objc; path = main.m; sourceTree = "<group>"; };
		09655CC218F47CE9002D4C92 /* Adefy iOS-Prefix.pch */ = {isa = PBXFileReference; lastKnownFileType = sourcecode.c.h; path = "Adefy iOS-Prefix.pch"; sourceTree = "<group>"; };
		09655CC318F47CE9002D4C92 /* AdefyAppDelegate.h */ = {isa = PBXFileReference; lastKnownFileType = sourcecode.c.h; path = AdefyAppDelegate.h; sourceTree = "<group>"; };
		09655CC418F47CE9002D4C92 /* AdefyAppDelegate.m */ = {isa = PBXFileReference; lastKnownFileType = sourcecode.c.objc; path = AdefyAppDelegate.m; sourceTree = "<group>"; };
		09655CC718F47CE9002D4C92 /* Base */ = {isa = PBXFileReference; lastKnownFileType = file.storyboard; name = Base; path = Base.lproj/Main_iPhone.storyboard; sourceTree = "<group>"; };
		09655CCA18F47CE9002D4C92 /* Base */ = {isa = PBXFileReference; lastKnownFileType = file.storyboard; name = Base; path = Base.lproj/Main_iPad.storyboard; sourceTree = "<group>"; };
		09655CD018F47CE9002D4C92 /* AdefyViewController.h */ = {isa = PBXFileReference; lastKnownFileType = sourcecode.c.h; path = AdefyViewController.h; sourceTree = "<group>"; };
		09655CD118F47CE9002D4C92 /* AdefyViewController.m */ = {isa = PBXFileReference; lastKnownFileType = sourcecode.c.objc; path = AdefyViewController.m; sourceTree = "<group>"; };
		09655CD318F47CE9002D4C92 /* Images.xcassets */ = {isa = PBXFileReference; lastKnownFileType = folder.assetcatalog; path = Images.xcassets; sourceTree = "<group>"; };
		09655CD918F47CE9002D4C92 /* Adefy iOSTests.xctest */ = {isa = PBXFileReference; explicitFileType = wrapper.cfbundle; includeInIndex = 0; path = "Adefy iOSTests.xctest"; sourceTree = BUILT_PRODUCTS_DIR; };
		09655CDA18F47CE9002D4C92 /* XCTest.framework */ = {isa = PBXFileReference; lastKnownFileType = wrapper.framework; name = XCTest.framework; path = Library/Frameworks/XCTest.framework; sourceTree = DEVELOPER_DIR; };
		09655CE218F47CE9002D4C92 /* Adefy iOSTests-Info.plist */ = {isa = PBXFileReference; lastKnownFileType = text.plist.xml; path = "Adefy iOSTests-Info.plist"; sourceTree = "<group>"; };
		09655CE418F47CE9002D4C92 /* en */ = {isa = PBXFileReference; lastKnownFileType = text.plist.strings; name = en; path = en.lproj/InfoPlist.strings; sourceTree = "<group>"; };
		09655CE618F47CE9002D4C92 /* Adefy_iOSTests.m */ = {isa = PBXFileReference; lastKnownFileType = sourcecode.c.objc; path = Adefy_iOSTests.m; sourceTree = "<group>"; };
		096598251917FE1E001FAE2D /* AdSupport.framework */ = {isa = PBXFileReference; lastKnownFileType = wrapper.framework; name = AdSupport.framework; path = System/Library/Frameworks/AdSupport.framework; sourceTree = SDKROOT; };
		09BDCD12191572E700675212 /* ajs-prod.min.js */ = {isa = PBXFileReference; fileEncoding = 4; lastKnownFileType = sourcecode.javascript; path = "ajs-prod.min.js"; sourceTree = "<group>"; };
		09F58E9219194BE700B41613 /* libz.dylib */ = {isa = PBXFileReference; lastKnownFileType = "compiled.mach-o.dylib"; name = libz.dylib; path = usr/lib/libz.dylib; sourceTree = SDKROOT; };
		09F58E9619194C6400B41613 /* crypt.h */ = {isa = PBXFileReference; fileEncoding = 4; lastKnownFileType = sourcecode.c.h; path = crypt.h; sourceTree = "<group>"; };
		09F58E9719194C6400B41613 /* ioapi.c */ = {isa = PBXFileReference; fileEncoding = 4; lastKnownFileType = sourcecode.c.c; path = ioapi.c; sourceTree = "<group>"; };
		09F58E9819194C6400B41613 /* ioapi.h */ = {isa = PBXFileReference; fileEncoding = 4; lastKnownFileType = sourcecode.c.h; path = ioapi.h; sourceTree = "<group>"; };
		09F58E9919194C6400B41613 /* mztools.c */ = {isa = PBXFileReference; fileEncoding = 4; lastKnownFileType = sourcecode.c.c; path = mztools.c; sourceTree = "<group>"; };
		09F58E9A19194C6400B41613 /* mztools.h */ = {isa = PBXFileReference; fileEncoding = 4; lastKnownFileType = sourcecode.c.h; path = mztools.h; sourceTree = "<group>"; };
		09F58E9B19194C6400B41613 /* unzip.c */ = {isa = PBXFileReference; fileEncoding = 4; lastKnownFileType = sourcecode.c.c; path = unzip.c; sourceTree = "<group>"; };
		09F58E9C19194C6400B41613 /* unzip.h */ = {isa = PBXFileReference; fileEncoding = 4; lastKnownFileType = sourcecode.c.h; path = unzip.h; sourceTree = "<group>"; };
		09F58E9D19194C6400B41613 /* zip.c */ = {isa = PBXFileReference; fileEncoding = 4; lastKnownFileType = sourcecode.c.c; path = zip.c; sourceTree = "<group>"; };
		09F58E9E19194C6400B41613 /* zip.h */ = {isa = PBXFileReference; fileEncoding = 4; lastKnownFileType = sourcecode.c.h; path = zip.h; sourceTree = "<group>"; };
		09F58E9F19194C6400B41613 /* SSZipArchive.h */ = {isa = PBXFileReference; fileEncoding = 4; lastKnownFileType = sourcecode.c.h; path = SSZipArchive.h; sourceTree = "<group>"; };
		09F58EA019194C6400B41613 /* SSZipArchive.m */ = {isa = PBXFileReference; fileEncoding = 4; lastKnownFileType = sourcecode.c.objc; path = SSZipArchive.m; sourceTree = "<group>"; };
		2EB9D01407797F47CDF7AADC /* AdefyDownloader.h */ = {isa = PBXFileReference; fileEncoding = 4; lastKnownFileType = sourcecode.c.h; path = AdefyDownloader.h; sourceTree = "<group>"; };
		2EB9D078C217A58F17C0BFED /* AdefyJSEngineInterface.h */ = {isa = PBXFileReference; fileEncoding = 4; lastKnownFileType = sourcecode.c.h; path = AdefyJSEngineInterface.h; sourceTree = "<group>"; };
		2EB9D0C265BB7A0A171EB7D5 /* AdefyJSAnimationInterface.h */ = {isa = PBXFileReference; fileEncoding = 4; lastKnownFileType = sourcecode.c.h; path = AdefyJSAnimationInterface.h; sourceTree = "<group>"; };
		2EB9D118EFDDD17C14879BA7 /* AdefySingleColorMaterial.h */ = {isa = PBXFileReference; fileEncoding = 4; lastKnownFileType = sourcecode.c.h; path = AdefySingleColorMaterial.h; sourceTree = "<group>"; };
		2EB9D1520645E8E457089BBA /* AdefyShader.h */ = {isa = PBXFileReference; fileEncoding = 4; lastKnownFileType = sourcecode.c.h; path = AdefyShader.h; sourceTree = "<group>"; };
		2EB9D1CE17F584797A9EFB7A /* ShaderTexture.fsh */ = {isa = PBXFileReference; fileEncoding = 4; lastKnownFileType = sourcecode.glsl; path = ShaderTexture.fsh; sourceTree = "<group>"; };
		2EB9D1F50FBA86B3E0B588E6 /* AdefyRectangleActor.h */ = {isa = PBXFileReference; fileEncoding = 4; lastKnownFileType = sourcecode.c.h; path = AdefyRectangleActor.h; sourceTree = "<group>"; };
		2EB9D35E3A6314BC04837E5C /* AdefyActor.h */ = {isa = PBXFileReference; fileEncoding = 4; lastKnownFileType = sourcecode.c.h; path = AdefyActor.h; sourceTree = "<group>"; };
		2EB9D3ADBCDBE722D20E60E7 /* ShaderTexture.vsh */ = {isa = PBXFileReference; fileEncoding = 4; lastKnownFileType = sourcecode.glsl; path = ShaderTexture.vsh; sourceTree = "<group>"; };
		2EB9D3D464CE444AFBDDBC09 /* ShaderSingleColor.fsh */ = {isa = PBXFileReference; fileEncoding = 4; lastKnownFileType = sourcecode.glsl; path = ShaderSingleColor.fsh; sourceTree = "<group>"; };
		2EB9D3D91035EEACF4467FCC /* AdefyColor3.m */ = {isa = PBXFileReference; fileEncoding = 4; lastKnownFileType = sourcecode.c.objc; path = AdefyColor3.m; sourceTree = "<group>"; };
		2EB9D3E153BC5D1B7A953CB2 /* AdefyTexturedMaterial.h */ = {isa = PBXFileReference; fileEncoding = 4; lastKnownFileType = sourcecode.c.h; path = AdefyTexturedMaterial.h; sourceTree = "<group>"; };
		2EB9D4EC7EF13587E46152A3 /* AdefyPhysics.m */ = {isa = PBXFileReference; fileEncoding = 4; lastKnownFileType = sourcecode.c.objc; path = AdefyPhysics.m; sourceTree = "<group>"; };
		2EB9D52B7ECC448E95F818C5 /* AdefyMaterial.h */ = {isa = PBXFileReference; fileEncoding = 4; lastKnownFileType = sourcecode.c.h; path = AdefyMaterial.h; sourceTree = "<group>"; };
		2EB9D5AE7D1269607D4CA9AE /* AdefyShader.m */ = {isa = PBXFileReference; fileEncoding = 4; lastKnownFileType = sourcecode.c.objc; path = AdefyShader.m; sourceTree = "<group>"; };
		2EB9D6385AC69BE5FEC78A95 /* AdefyTexturedMaterial.m */ = {isa = PBXFileReference; fileEncoding = 4; lastKnownFileType = sourcecode.c.objc; path = AdefyTexturedMaterial.m; sourceTree = "<group>"; };
		2EB9D7093A86FF89655CFE97 /* AdefyTexture.m */ = {isa = PBXFileReference; fileEncoding = 4; lastKnownFileType = sourcecode.c.objc; path = AdefyTexture.m; sourceTree = "<group>"; };
		2EB9D720C130100B16B6F8C6 /* AdefyRectangleActor.m */ = {isa = PBXFileReference; fileEncoding = 4; lastKnownFileType = sourcecode.c.objc; path = AdefyRectangleActor.m; sourceTree = "<group>"; };
		2EB9D7B5606033B6C9DC5240 /* AdefyJSAnimationInterface.m */ = {isa = PBXFileReference; fileEncoding = 4; lastKnownFileType = sourcecode.c.objc; path = AdefyJSAnimationInterface.m; sourceTree = "<group>"; };
		2EB9D7FC6EC6A22383BD55F3 /* AdefyDownloader.m */ = {isa = PBXFileReference; fileEncoding = 4; lastKnownFileType = sourcecode.c.objc; path = AdefyDownloader.m; sourceTree = "<group>"; };
		2EB9D93ABD24EE5EB7972FB9 /* AdefyPhysics.h */ = {isa = PBXFileReference; fileEncoding = 4; lastKnownFileType = sourcecode.c.h; path = AdefyPhysics.h; sourceTree = "<group>"; };
		2EB9D961131F4EE491D24713 /* AdefyJSInterface.h */ = {isa = PBXFileReference; fileEncoding = 4; lastKnownFileType = sourcecode.c.h; path = AdefyJSInterface.h; sourceTree = "<group>"; };
		2EB9DB3CEC6CD699ACC02D3E /* AdefyTexture.h */ = {isa = PBXFileReference; fileEncoding = 4; lastKnownFileType = sourcecode.c.h; path = AdefyTexture.h; sourceTree = "<group>"; };
		2EB9DB7258BF83202B9C832B /* AdefySingleColorMaterial.m */ = {isa = PBXFileReference; fileEncoding = 4; lastKnownFileType = sourcecode.c.objc; path = AdefySingleColorMaterial.m; sourceTree = "<group>"; };
		2EB9DC9B3F4AF72D120A28A5 /* AdefyJSActorInterface.h */ = {isa = PBXFileReference; fileEncoding = 4; lastKnownFileType = sourcecode.c.h; path = AdefyJSActorInterface.h; sourceTree = "<group>"; };
		2EB9DD258F0BA49CDCEBBE6C /* AdefyJSInterface.m */ = {isa = PBXFileReference; fileEncoding = 4; lastKnownFileType = sourcecode.c.objc; path = AdefyJSInterface.m; sourceTree = "<group>"; };
		2EB9DD26FC09AEA5C7BB84DB /* AdefyActor.m */ = {isa = PBXFileReference; fileEncoding = 4; lastKnownFileType = sourcecode.c.objc; path = AdefyActor.m; sourceTree = "<group>"; };
		2EB9DD4B02C86A8CAD1F9948 /* AdefyJSEngineInterface.m */ = {isa = PBXFileReference; fileEncoding = 4; lastKnownFileType = sourcecode.c.objc; path = AdefyJSEngineInterface.m; sourceTree = "<group>"; };
		2EB9DE2602A2819433076D1A /* ShaderSingleColor.vsh */ = {isa = PBXFileReference; fileEncoding = 4; lastKnownFileType = sourcecode.glsl; path = ShaderSingleColor.vsh; sourceTree = "<group>"; };
		2EB9DF263ADCA010FDE055AA /* AdefyMaterial.m */ = {isa = PBXFileReference; fileEncoding = 4; lastKnownFileType = sourcecode.c.objc; path = AdefyMaterial.m; sourceTree = "<group>"; };
		2EB9DF7BF67D528EBB45BD59 /* AdefyJSActorInterface.m */ = {isa = PBXFileReference; fileEncoding = 4; lastKnownFileType = sourcecode.c.objc; path = AdefyJSActorInterface.m; sourceTree = "<group>"; };
		2EB9DFEA0DFD5B0D0171408D /* AdefyColor3.h */ = {isa = PBXFileReference; fileEncoding = 4; lastKnownFileType = sourcecode.c.h; path = AdefyColor3.h; sourceTree = "<group>"; };
/* End PBXFileReference section */

/* Begin PBXFrameworksBuildPhase section */
		09655CAA18F47CE9002D4C92 /* Frameworks */ = {
			isa = PBXFrameworksBuildPhase;
			buildActionMask = 2147483647;
			files = (
				09F58E9319194BE700B41613 /* libz.dylib in Frameworks */,
				096598261917FE1F001FAE2D /* AdSupport.framework in Frameworks */,
				093082BA18FA9443005D8336 /* JavaScriptCore.framework in Frameworks */,
				09655CB918F47CE9002D4C92 /* OpenGLES.framework in Frameworks */,
				09655CB318F47CE9002D4C92 /* CoreGraphics.framework in Frameworks */,
				09655CB518F47CE9002D4C92 /* UIKit.framework in Frameworks */,
				09655CB718F47CE9002D4C92 /* GLKit.framework in Frameworks */,
				09655CB118F47CE9002D4C92 /* Foundation.framework in Frameworks */,
				0956347F18F86AB50012CE23 /* libChipmunkPro.a in Frameworks */,
				0956348018F86AB50012CE23 /* libObjectiveChipmunk.a in Frameworks */,
			);
			runOnlyForDeploymentPostprocessing = 0;
		};
		09655CD618F47CE9002D4C92 /* Frameworks */ = {
			isa = PBXFrameworksBuildPhase;
			buildActionMask = 2147483647;
			files = (
				09655CDB18F47CE9002D4C92 /* XCTest.framework in Frameworks */,
				09655CDD18F47CE9002D4C92 /* UIKit.framework in Frameworks */,
				09655CDC18F47CE9002D4C92 /* Foundation.framework in Frameworks */,
			);
			runOnlyForDeploymentPostprocessing = 0;
		};
/* End PBXFrameworksBuildPhase section */

/* Begin PBXGroup section */
		0956344C18F866CA0012CE23 /* ChipmunkPro-iPhone */ = {
			isa = PBXGroup;
			children = (
				0956344D18F866CA0012CE23 /* chipmunk */,
				0956346818F866CA0012CE23 /* ChipmunkAutoGeometry.h */,
				0956346918F866CA0012CE23 /* ChipmunkBody.h */,
				0956346A18F866CA0012CE23 /* ChipmunkConstraint.h */,
				0956346B18F866CA0012CE23 /* ChipmunkExtras.h */,
				0956346C18F866CA0012CE23 /* ChipmunkHastySpace.h */,
				0956346D18F866CA0012CE23 /* ChipmunkImageSampler.h */,
				0956346E18F866CA0012CE23 /* ChipmunkMultiGrab.h */,
				0956346F18F866CA0012CE23 /* ChipmunkObject.h */,
				0956347018F866CA0012CE23 /* ChipmunkPointCloudSampler.h */,
				0956347118F866CA0012CE23 /* ChipmunkShape.h */,
				0956347218F866CA0012CE23 /* ChipmunkSpace.h */,
				0956347318F866CA0012CE23 /* ChipmunkTileCache.h */,
				0956347418F866CA0012CE23 /* cpHastySpace.h */,
				0956347518F866CA0012CE23 /* cpMarch.h */,
				0956347618F866CA0012CE23 /* cpPolyline.h */,
				0956347818F866CA0012CE23 /* ObjectiveChipmunk.h */,
			);
			name = "ChipmunkPro-iPhone";
			path = "ChipmunkPro-6.2.1/ChipmunkPro-iPhone";
			sourceTree = "<group>";
		};
		0956344D18F866CA0012CE23 /* chipmunk */ = {
			isa = PBXGroup;
			children = (
				0956344E18F866CA0012CE23 /* chipmunk.h */,
				0956344F18F866CA0012CE23 /* chipmunk_ffi.h */,
				0956345018F866CA0012CE23 /* chipmunk_private.h */,
				0956345118F866CA0012CE23 /* chipmunk_types.h */,
				0956345218F866CA0012CE23 /* chipmunk_unsafe.h */,
				0956345318F866CA0012CE23 /* constraints */,
				0956346018F866CA0012CE23 /* cpArbiter.h */,
				0956346118F866CA0012CE23 /* cpBB.h */,
				0956346218F866CA0012CE23 /* cpBody.h */,
				0956346318F866CA0012CE23 /* cpPolyShape.h */,
				0956346418F866CA0012CE23 /* cpShape.h */,
				0956346518F866CA0012CE23 /* cpSpace.h */,
				0956346618F866CA0012CE23 /* cpSpatialIndex.h */,
				0956346718F866CA0012CE23 /* cpVect.h */,
			);
			path = chipmunk;
			sourceTree = "<group>";
		};
		0956345318F866CA0012CE23 /* constraints */ = {
			isa = PBXGroup;
			children = (
				0956345418F866CA0012CE23 /* cpConstraint.h */,
				0956345518F866CA0012CE23 /* cpDampedRotarySpring.h */,
				0956345618F866CA0012CE23 /* cpDampedSpring.h */,
				0956345718F866CA0012CE23 /* cpGearJoint.h */,
				0956345818F866CA0012CE23 /* cpGrooveJoint.h */,
				0956345918F866CA0012CE23 /* cpPinJoint.h */,
				0956345A18F866CA0012CE23 /* cpPivotJoint.h */,
				0956345B18F866CA0012CE23 /* cpRatchetJoint.h */,
				0956345C18F866CA0012CE23 /* cpRotaryLimitJoint.h */,
				0956345D18F866CA0012CE23 /* cpSimpleMotor.h */,
				0956345E18F866CA0012CE23 /* cpSlideJoint.h */,
				0956345F18F866CA0012CE23 /* util.h */,
			);
			path = constraints;
			sourceTree = "<group>";
		};
		09655CA418F47CE9002D4C92 = {
			isa = PBXGroup;
			children = (
				0956344C18F866CA0012CE23 /* ChipmunkPro-iPhone */,
				09655CBA18F47CE9002D4C92 /* Adefy iOS */,
				09655CE018F47CE9002D4C92 /* Adefy iOSTests */,
				09655CAF18F47CE9002D4C92 /* Frameworks */,
				09655CAE18F47CE9002D4C92 /* Products */,
				2EB9D7FC6EC6A22383BD55F3 /* AdefyDownloader.m */,
				2EB9D01407797F47CDF7AADC /* AdefyDownloader.h */,
			);
			sourceTree = "<group>";
		};
		09655CAE18F47CE9002D4C92 /* Products */ = {
			isa = PBXGroup;
			children = (
				09655CAD18F47CE9002D4C92 /* Adefy iOS.app */,
				09655CD918F47CE9002D4C92 /* Adefy iOSTests.xctest */,
			);
			name = Products;
			sourceTree = "<group>";
		};
		09655CAF18F47CE9002D4C92 /* Frameworks */ = {
			isa = PBXGroup;
			children = (
				09F58E9219194BE700B41613 /* libz.dylib */,
				096598251917FE1E001FAE2D /* AdSupport.framework */,
				093082B918FA9443005D8336 /* JavaScriptCore.framework */,
				0956347D18F86AB50012CE23 /* libChipmunkPro.a */,
				0956347E18F86AB50012CE23 /* libObjectiveChipmunk.a */,
				0956347B18F868530012CE23 /* libChipmunkPro.a */,
				095632DD18F864770012CE23 /* libObjectiveChipmunk.a */,
				095632C618F862230012CE23 /* libChipmunkPro-iPhone.a */,
				09655CB018F47CE9002D4C92 /* Foundation.framework */,
				09655CB218F47CE9002D4C92 /* CoreGraphics.framework */,
				09655CB418F47CE9002D4C92 /* UIKit.framework */,
				09655CB618F47CE9002D4C92 /* GLKit.framework */,
				09655CB818F47CE9002D4C92 /* OpenGLES.framework */,
				09655CDA18F47CE9002D4C92 /* XCTest.framework */,
			);
			name = Frameworks;
			sourceTree = "<group>";
		};
		09655CBA18F47CE9002D4C92 /* Adefy iOS */ = {
			isa = PBXGroup;
			children = (
				09F58E9419194C6400B41613 /* SSZipArchive */,
				09BDCD11191572C900675212 /* Resources */,
				09655CC318F47CE9002D4C92 /* AdefyAppDelegate.h */,
				09655CC418F47CE9002D4C92 /* AdefyAppDelegate.m */,
				09655CC618F47CE9002D4C92 /* Main_iPhone.storyboard */,
				09655CC918F47CE9002D4C92 /* Main_iPad.storyboard */,
				09655CD018F47CE9002D4C92 /* AdefyViewController.h */,
				09655CD118F47CE9002D4C92 /* AdefyViewController.m */,
				09655CD318F47CE9002D4C92 /* Images.xcassets */,
				09655CBB18F47CE9002D4C92 /* Supporting Files */,
				092E4F6A18F53513008CE39F /* AdefyRenderer.h */,
				092E4F6B18F53513008CE39F /* AdefyRenderer.m */,
				2EB9D104EE1E9C06EFF2B516 /* Actors */,
				2EB9D9C25A2E5CA3B7428B35 /* Materials */,
				2EB9DBC4E83C727E6D4E1231 /* Objects */,
				2EB9D4EC7EF13587E46152A3 /* AdefyPhysics.m */,
				2EB9D93ABD24EE5EB7972FB9 /* AdefyPhysics.h */,
				2EB9D82DA35852D5E54F3532 /* JSInterface */,
				2EB9D38DFECAD732341FA1B3 /* Shaders */,
			);
			path = "Adefy iOS";
			sourceTree = "<group>";
		};
		09655CBB18F47CE9002D4C92 /* Supporting Files */ = {
			isa = PBXGroup;
			children = (
				09655CBC18F47CE9002D4C92 /* Adefy iOS-Info.plist */,
				09655CBD18F47CE9002D4C92 /* InfoPlist.strings */,
				09655CC018F47CE9002D4C92 /* main.m */,
				09655CC218F47CE9002D4C92 /* Adefy iOS-Prefix.pch */,
			);
			name = "Supporting Files";
			sourceTree = "<group>";
		};
		09655CE018F47CE9002D4C92 /* Adefy iOSTests */ = {
			isa = PBXGroup;
			children = (
				09655CE618F47CE9002D4C92 /* Adefy_iOSTests.m */,
				09655CE118F47CE9002D4C92 /* Supporting Files */,
			);
			path = "Adefy iOSTests";
			sourceTree = "<group>";
		};
		09655CE118F47CE9002D4C92 /* Supporting Files */ = {
			isa = PBXGroup;
			children = (
				09655CE218F47CE9002D4C92 /* Adefy iOSTests-Info.plist */,
				09655CE318F47CE9002D4C92 /* InfoPlist.strings */,
			);
			name = "Supporting Files";
			sourceTree = "<group>";
		};
		09BDCD11191572C900675212 /* Resources */ = {
			isa = PBXGroup;
			children = (
				09BDCD12191572E700675212 /* ajs-prod.min.js */,
			);
			name = Resources;
			sourceTree = "<group>";
		};
		09F58E9419194C6400B41613 /* SSZipArchive */ = {
			isa = PBXGroup;
			children = (
				09F58E9519194C6400B41613 /* minizip */,
				09F58E9F19194C6400B41613 /* SSZipArchive.h */,
				09F58EA019194C6400B41613 /* SSZipArchive.m */,
			);
			path = SSZipArchive;
			sourceTree = "<group>";
		};
		09F58E9519194C6400B41613 /* minizip */ = {
			isa = PBXGroup;
			children = (
				09F58E9619194C6400B41613 /* crypt.h */,
				09F58E9719194C6400B41613 /* ioapi.c */,
				09F58E9819194C6400B41613 /* ioapi.h */,
				09F58E9919194C6400B41613 /* mztools.c */,
				09F58E9A19194C6400B41613 /* mztools.h */,
				09F58E9B19194C6400B41613 /* unzip.c */,
				09F58E9C19194C6400B41613 /* unzip.h */,
				09F58E9D19194C6400B41613 /* zip.c */,
				09F58E9E19194C6400B41613 /* zip.h */,
			);
			path = minizip;
			sourceTree = "<group>";
		};
		2EB9D104EE1E9C06EFF2B516 /* Actors */ = {
			isa = PBXGroup;
			children = (
				2EB9DD26FC09AEA5C7BB84DB /* AdefyActor.m */,
				2EB9D35E3A6314BC04837E5C /* AdefyActor.h */,
				2EB9D720C130100B16B6F8C6 /* AdefyRectangleActor.m */,
				2EB9D1F50FBA86B3E0B588E6 /* AdefyRectangleActor.h */,
			);
			path = Actors;
			sourceTree = "<group>";
		};
		2EB9D38DFECAD732341FA1B3 /* Shaders */ = {
			isa = PBXGroup;
			children = (
				2EB9D3D464CE444AFBDDBC09 /* ShaderSingleColor.fsh */,
				2EB9DE2602A2819433076D1A /* ShaderSingleColor.vsh */,
				2EB9D1CE17F584797A9EFB7A /* ShaderTexture.fsh */,
				2EB9D3ADBCDBE722D20E60E7 /* ShaderTexture.vsh */,
			);
			path = Shaders;
			sourceTree = "<group>";
		};
		2EB9D82DA35852D5E54F3532 /* JSInterface */ = {
			isa = PBXGroup;
			children = (
				2EB9DD258F0BA49CDCEBBE6C /* AdefyJSInterface.m */,
				2EB9D961131F4EE491D24713 /* AdefyJSInterface.h */,
				2EB9DF7BF67D528EBB45BD59 /* AdefyJSActorInterface.m */,
				2EB9DC9B3F4AF72D120A28A5 /* AdefyJSActorInterface.h */,
				2EB9D7B5606033B6C9DC5240 /* AdefyJSAnimationInterface.m */,
				2EB9D0C265BB7A0A171EB7D5 /* AdefyJSAnimationInterface.h */,
				2EB9DD4B02C86A8CAD1F9948 /* AdefyJSEngineInterface.m */,
				2EB9D078C217A58F17C0BFED /* AdefyJSEngineInterface.h */,
			);
			path = JSInterface;
			sourceTree = "<group>";
		};
		2EB9D9C25A2E5CA3B7428B35 /* Materials */ = {
			isa = PBXGroup;
			children = (
				2EB9DF263ADCA010FDE055AA /* AdefyMaterial.m */,
				2EB9D52B7ECC448E95F818C5 /* AdefyMaterial.h */,
				2EB9D118EFDDD17C14879BA7 /* AdefySingleColorMaterial.h */,
				2EB9DB7258BF83202B9C832B /* AdefySingleColorMaterial.m */,
				2EB9D6385AC69BE5FEC78A95 /* AdefyTexturedMaterial.m */,
				2EB9D3E153BC5D1B7A953CB2 /* AdefyTexturedMaterial.h */,
			);
			path = Materials;
			sourceTree = "<group>";
		};
		2EB9DBC4E83C727E6D4E1231 /* Objects */ = {
			isa = PBXGroup;
			children = (
				2EB9D1520645E8E457089BBA /* AdefyShader.h */,
				2EB9DFEA0DFD5B0D0171408D /* AdefyColor3.h */,
				2EB9D3D91035EEACF4467FCC /* AdefyColor3.m */,
				2EB9D5AE7D1269607D4CA9AE /* AdefyShader.m */,
				2EB9D7093A86FF89655CFE97 /* AdefyTexture.m */,
				2EB9DB3CEC6CD699ACC02D3E /* AdefyTexture.h */,
			);
			path = Objects;
			sourceTree = "<group>";
		};
/* End PBXGroup section */

/* Begin PBXNativeTarget section */
		09655CAC18F47CE9002D4C92 /* Adefy iOS */ = {
			isa = PBXNativeTarget;
			buildConfigurationList = 09655CEA18F47CE9002D4C92 /* Build configuration list for PBXNativeTarget "Adefy iOS" */;
			buildPhases = (
				09655CA918F47CE9002D4C92 /* Sources */,
				09655CAA18F47CE9002D4C92 /* Frameworks */,
				09655CAB18F47CE9002D4C92 /* Resources */,
			);
			buildRules = (
			);
			dependencies = (
			);
			name = "Adefy iOS";
			productName = "Adefy iOS";
			productReference = 09655CAD18F47CE9002D4C92 /* Adefy iOS.app */;
			productType = "com.apple.product-type.application";
		};
		09655CD818F47CE9002D4C92 /* Adefy iOSTests */ = {
			isa = PBXNativeTarget;
			buildConfigurationList = 09655CED18F47CE9002D4C92 /* Build configuration list for PBXNativeTarget "Adefy iOSTests" */;
			buildPhases = (
				09655CD518F47CE9002D4C92 /* Sources */,
				09655CD618F47CE9002D4C92 /* Frameworks */,
				09655CD718F47CE9002D4C92 /* Resources */,
			);
			buildRules = (
			);
			dependencies = (
				09655CDF18F47CE9002D4C92 /* PBXTargetDependency */,
			);
			name = "Adefy iOSTests";
			productName = "Adefy iOSTests";
			productReference = 09655CD918F47CE9002D4C92 /* Adefy iOSTests.xctest */;
			productType = "com.apple.product-type.bundle.unit-test";
		};
/* End PBXNativeTarget section */

/* Begin PBXProject section */
		09655CA518F47CE9002D4C92 /* Project object */ = {
			isa = PBXProject;
			attributes = {
				CLASSPREFIX = Adefy;
				LastUpgradeCheck = 0500;
				ORGANIZATIONNAME = Adefy;
				TargetAttributes = {
					09655CD818F47CE9002D4C92 = {
						TestTargetID = 09655CAC18F47CE9002D4C92;
					};
				};
			};
			buildConfigurationList = 09655CA818F47CE9002D4C92 /* Build configuration list for PBXProject "Adefy iOS" */;
			compatibilityVersion = "Xcode 3.2";
			developmentRegion = English;
			hasScannedForEncodings = 0;
			knownRegions = (
				en,
				Base,
			);
			mainGroup = 09655CA418F47CE9002D4C92;
			productRefGroup = 09655CAE18F47CE9002D4C92 /* Products */;
			projectDirPath = "";
			projectRoot = "";
			targets = (
				09655CAC18F47CE9002D4C92 /* Adefy iOS */,
				09655CD818F47CE9002D4C92 /* Adefy iOSTests */,
			);
		};
/* End PBXProject section */

/* Begin PBXResourcesBuildPhase section */
		09655CAB18F47CE9002D4C92 /* Resources */ = {
			isa = PBXResourcesBuildPhase;
			buildActionMask = 2147483647;
			files = (
				09BDCD14191572FC00675212 /* ajs-prod.min.js in Resources */,
				09655CCB18F47CE9002D4C92 /* Main_iPad.storyboard in Resources */,
				09655CC818F47CE9002D4C92 /* Main_iPhone.storyboard in Resources */,
				09655CD418F47CE9002D4C92 /* Images.xcassets in Resources */,
				09655CBF18F47CE9002D4C92 /* InfoPlist.strings in Resources */,
				2EB9DB279D682ACE8CD4EFB9 /* ShaderSingleColor.fsh in Resources */,
				2EB9D529E121C755076ACF04 /* ShaderSingleColor.vsh in Resources */,
				2EB9DB81318AF545C9796350 /* ShaderTexture.fsh in Resources */,
				2EB9DE96DDCC1AF1523E37AB /* ShaderTexture.vsh in Resources */,
			);
			runOnlyForDeploymentPostprocessing = 0;
		};
		09655CD718F47CE9002D4C92 /* Resources */ = {
			isa = PBXResourcesBuildPhase;
			buildActionMask = 2147483647;
			files = (
				09655CE518F47CE9002D4C92 /* InfoPlist.strings in Resources */,
			);
			runOnlyForDeploymentPostprocessing = 0;
		};
/* End PBXResourcesBuildPhase section */

/* Begin PBXSourcesBuildPhase section */
		09655CA918F47CE9002D4C92 /* Sources */ = {
			isa = PBXSourcesBuildPhase;
			buildActionMask = 2147483647;
			files = (
				09655CC518F47CE9002D4C92 /* AdefyAppDelegate.m in Sources */,
				092E4F6C18F53513008CE39F /* AdefyRenderer.m in Sources */,
				09655CD218F47CE9002D4C92 /* AdefyViewController.m in Sources */,
				09F58EA219194C6400B41613 /* mztools.c in Sources */,
				09655CC118F47CE9002D4C92 /* main.m in Sources */,
				2EB9D7B09D64AEB4A182172C /* AdefyActor.m in Sources */,
				09F58EA319194C6400B41613 /* unzip.c in Sources */,
				2EB9DC52E05347D39AF8B0EE /* AdefyMaterial.m in Sources */,
				09F58EA119194C6400B41613 /* ioapi.c in Sources */,
				2EB9D189C913E10A0B3D9B33 /* AdefySingleColorMaterial.m in Sources */,
				09F58EA519194C6400B41613 /* SSZipArchive.m in Sources */,
				2EB9DA4789DF71BD2A0142DE /* AdefyColor3.m in Sources */,
				2EB9D724B19EF6EBBB78EA63 /* AdefyShader.m in Sources */,
				2EB9DC84500A13C3E2E9206C /* AdefyRectangleActor.m in Sources */,
				2EB9D93581E8473411A1F68D /* AdefyPhysics.m in Sources */,
				2EB9D78A3A9FBA95E4E4BAE7 /* AdefyJSInterface.m in Sources */,
				2EB9DEE5411EDC0B0DD18663 /* AdefyJSActorInterface.m in Sources */,
				2EB9D15D7B882DF9CE0381A9 /* AdefyJSAnimationInterface.m in Sources */,
				2EB9D8D0E030539F5B4E3962 /* AdefyJSEngineInterface.m in Sources */,
				09F58EA419194C6400B41613 /* zip.c in Sources */,
				2EB9D3215F94785CF9F6CB75 /* AdefyTexturedMaterial.m in Sources */,
				2EB9DB006BDD0A3A5AD96D2B /* AdefyDownloader.m in Sources */,
				2EB9DD317222AC528DBE9F07 /* AdefyTexture.m in Sources */,
			);
			runOnlyForDeploymentPostprocessing = 0;
		};
		09655CD518F47CE9002D4C92 /* Sources */ = {
			isa = PBXSourcesBuildPhase;
			buildActionMask = 2147483647;
			files = (
				09655CE718F47CE9002D4C92 /* Adefy_iOSTests.m in Sources */,
			);
			runOnlyForDeploymentPostprocessing = 0;
		};
/* End PBXSourcesBuildPhase section */

/* Begin PBXTargetDependency section */
		09655CDF18F47CE9002D4C92 /* PBXTargetDependency */ = {
			isa = PBXTargetDependency;
			target = 09655CAC18F47CE9002D4C92 /* Adefy iOS */;
			targetProxy = 09655CDE18F47CE9002D4C92 /* PBXContainerItemProxy */;
		};
/* End PBXTargetDependency section */

/* Begin PBXVariantGroup section */
		09655CBD18F47CE9002D4C92 /* InfoPlist.strings */ = {
			isa = PBXVariantGroup;
			children = (
				09655CBE18F47CE9002D4C92 /* en */,
			);
			name = InfoPlist.strings;
			sourceTree = "<group>";
		};
		09655CC618F47CE9002D4C92 /* Main_iPhone.storyboard */ = {
			isa = PBXVariantGroup;
			children = (
				09655CC718F47CE9002D4C92 /* Base */,
			);
			name = Main_iPhone.storyboard;
			sourceTree = "<group>";
		};
		09655CC918F47CE9002D4C92 /* Main_iPad.storyboard */ = {
			isa = PBXVariantGroup;
			children = (
				09655CCA18F47CE9002D4C92 /* Base */,
			);
			name = Main_iPad.storyboard;
			sourceTree = "<group>";
		};
		09655CE318F47CE9002D4C92 /* InfoPlist.strings */ = {
			isa = PBXVariantGroup;
			children = (
				09655CE418F47CE9002D4C92 /* en */,
			);
			name = InfoPlist.strings;
			sourceTree = "<group>";
		};
/* End PBXVariantGroup section */

/* Begin XCBuildConfiguration section */
		09655CE818F47CE9002D4C92 /* Debug */ = {
			isa = XCBuildConfiguration;
			buildSettings = {
				ALWAYS_SEARCH_USER_PATHS = NO;
				ARCHS = "$(ARCHS_STANDARD_INCLUDING_64_BIT)";
				CLANG_CXX_LANGUAGE_STANDARD = "gnu++0x";
				CLANG_CXX_LIBRARY = "libc++";
				CLANG_ENABLE_MODULES = YES;
				CLANG_ENABLE_OBJC_ARC = YES;
				CLANG_WARN_BOOL_CONVERSION = YES;
				CLANG_WARN_CONSTANT_CONVERSION = YES;
				CLANG_WARN_DIRECT_OBJC_ISA_USAGE = YES_ERROR;
				CLANG_WARN_EMPTY_BODY = YES;
				CLANG_WARN_ENUM_CONVERSION = YES;
				CLANG_WARN_INT_CONVERSION = YES;
				CLANG_WARN_OBJC_ROOT_CLASS = YES_ERROR;
				CLANG_WARN__DUPLICATE_METHOD_MATCH = YES;
				"CODE_SIGN_IDENTITY[sdk=iphoneos*]" = "iPhone Developer";
				COPY_PHASE_STRIP = NO;
				GCC_C_LANGUAGE_STANDARD = gnu99;
				GCC_DYNAMIC_NO_PIC = NO;
				GCC_OPTIMIZATION_LEVEL = 0;
				GCC_PREPROCESSOR_DEFINITIONS = (
					"DEBUG=1",
					"$(inherited)",
				);
				GCC_SYMBOLS_PRIVATE_EXTERN = NO;
				GCC_WARN_64_TO_32_BIT_CONVERSION = YES;
				GCC_WARN_ABOUT_RETURN_TYPE = YES_ERROR;
				GCC_WARN_UNDECLARED_SELECTOR = YES;
				GCC_WARN_UNINITIALIZED_AUTOS = YES;
				GCC_WARN_UNUSED_FUNCTION = YES;
				GCC_WARN_UNUSED_VARIABLE = YES;
				IPHONEOS_DEPLOYMENT_TARGET = 7.0;
				ONLY_ACTIVE_ARCH = YES;
				SDKROOT = iphoneos;
				TARGETED_DEVICE_FAMILY = "1,2";
			};
			name = Debug;
		};
		09655CE918F47CE9002D4C92 /* Release */ = {
			isa = XCBuildConfiguration;
			buildSettings = {
				ALWAYS_SEARCH_USER_PATHS = NO;
				ARCHS = "$(ARCHS_STANDARD_INCLUDING_64_BIT)";
				CLANG_CXX_LANGUAGE_STANDARD = "gnu++0x";
				CLANG_CXX_LIBRARY = "libc++";
				CLANG_ENABLE_MODULES = YES;
				CLANG_ENABLE_OBJC_ARC = YES;
				CLANG_WARN_BOOL_CONVERSION = YES;
				CLANG_WARN_CONSTANT_CONVERSION = YES;
				CLANG_WARN_DIRECT_OBJC_ISA_USAGE = YES_ERROR;
				CLANG_WARN_EMPTY_BODY = YES;
				CLANG_WARN_ENUM_CONVERSION = YES;
				CLANG_WARN_INT_CONVERSION = YES;
				CLANG_WARN_OBJC_ROOT_CLASS = YES_ERROR;
				CLANG_WARN__DUPLICATE_METHOD_MATCH = YES;
				"CODE_SIGN_IDENTITY[sdk=iphoneos*]" = "iPhone Developer";
				COPY_PHASE_STRIP = YES;
				ENABLE_NS_ASSERTIONS = NO;
				GCC_C_LANGUAGE_STANDARD = gnu99;
				GCC_WARN_64_TO_32_BIT_CONVERSION = YES;
				GCC_WARN_ABOUT_RETURN_TYPE = YES_ERROR;
				GCC_WARN_UNDECLARED_SELECTOR = YES;
				GCC_WARN_UNINITIALIZED_AUTOS = YES;
				GCC_WARN_UNUSED_FUNCTION = YES;
				GCC_WARN_UNUSED_VARIABLE = YES;
				IPHONEOS_DEPLOYMENT_TARGET = 7.0;
				SDKROOT = iphoneos;
				TARGETED_DEVICE_FAMILY = "1,2";
				VALIDATE_PRODUCT = YES;
			};
			name = Release;
		};
		09655CEB18F47CE9002D4C92 /* Debug */ = {
			isa = XCBuildConfiguration;
			buildSettings = {
				ARCHS = "$(ARCHS_STANDARD_INCLUDING_64_BIT)";
				ASSETCATALOG_COMPILER_APPICON_NAME = AppIcon;
				ASSETCATALOG_COMPILER_LAUNCHIMAGE_NAME = LaunchImage;
				GCC_PRECOMPILE_PREFIX_HEADER = YES;
				GCC_PREFIX_HEADER = "Adefy iOS/Adefy iOS-Prefix.pch";
				INFOPLIST_FILE = "Adefy iOS/Adefy iOS-Info.plist";
				LIBRARY_SEARCH_PATHS = (
					"$(inherited)",
					"/Users/cris/Documents/projects/adefy/adefyios/Adefy\\ iOS/ChipmunkPro-6.2.1/build/Debug-iphonesimulator",
					"/Users/cris/Documents/projects/adefy/adefyios/Adefy\\ iOS/ChipmunkPro-6.2.1/Chipmunk/msvc/glew/lib/Release/Win32",
					"/Users/cris/Documents/projects/adefy/adefyios/Adefy\\ iOS/ChipmunkPro-6.2.1/Chipmunk/msvc/glfw/lib-msvc100",
					"/Users/cris/Documents/projects/adefy/adefyios/Adefy\\ iOS/ChipmunkPro-6.2.1/Chipmunk/xcode/libGLEW/lib",
					"/Users/cris/Documents/projects/adefy/adefyios/Adefy\\ iOS/ChipmunkPro-6.2.1/Chipmunk/xcode/libglfw/lib",
					"/Users/cris/Documents/projects/adefy/adefyios/Adefy\\ iOS/ChipmunkPro-6.2.1/ChipmunkPro-iPhone",
					"/Users/cris/Documents/projects/adefy/adefyios/Adefy\\ iOS/ChipmunkPro-6.2.1/build/Release-iphoneos",
				);
				PRODUCT_NAME = "$(TARGET_NAME)";
				VALID_ARCHS = "arm64 armv7 armv7s";
				WRAPPER_EXTENSION = app;
			};
			name = Debug;
		};
		09655CEC18F47CE9002D4C92 /* Release */ = {
			isa = XCBuildConfiguration;
			buildSettings = {
				ARCHS = "$(ARCHS_STANDARD_INCLUDING_64_BIT)";
				ASSETCATALOG_COMPILER_APPICON_NAME = AppIcon;
				ASSETCATALOG_COMPILER_LAUNCHIMAGE_NAME = LaunchImage;
				GCC_PRECOMPILE_PREFIX_HEADER = YES;
				GCC_PREFIX_HEADER = "Adefy iOS/Adefy iOS-Prefix.pch";
				INFOPLIST_FILE = "Adefy iOS/Adefy iOS-Info.plist";
				LIBRARY_SEARCH_PATHS = (
					"$(inherited)",
					"/Users/cris/Documents/projects/adefy/adefyios/Adefy\\ iOS/ChipmunkPro-6.2.1/build/Debug-iphonesimulator",
					"/Users/cris/Documents/projects/adefy/adefyios/Adefy\\ iOS/ChipmunkPro-6.2.1/Chipmunk/msvc/glew/lib/Release/Win32",
					"/Users/cris/Documents/projects/adefy/adefyios/Adefy\\ iOS/ChipmunkPro-6.2.1/Chipmunk/msvc/glfw/lib-msvc100",
					"/Users/cris/Documents/projects/adefy/adefyios/Adefy\\ iOS/ChipmunkPro-6.2.1/Chipmunk/xcode/libGLEW/lib",
					"/Users/cris/Documents/projects/adefy/adefyios/Adefy\\ iOS/ChipmunkPro-6.2.1/Chipmunk/xcode/libglfw/lib",
					"/Users/cris/Documents/projects/adefy/adefyios/Adefy\\ iOS/ChipmunkPro-6.2.1/ChipmunkPro-iPhone",
					"/Users/cris/Documents/projects/adefy/adefyios/Adefy\\ iOS/ChipmunkPro-6.2.1/build/Release-iphoneos",
				);
				PRODUCT_NAME = "$(TARGET_NAME)";
				VALID_ARCHS = "arm64 armv7 armv7s";
				WRAPPER_EXTENSION = app;
			};
			name = Release;
		};
		09655CEE18F47CE9002D4C92 /* Debug */ = {
			isa = XCBuildConfiguration;
			buildSettings = {
				ARCHS = "$(ARCHS_STANDARD_INCLUDING_64_BIT)";
				BUNDLE_LOADER = "$(BUILT_PRODUCTS_DIR)/Adefy iOS.app/Adefy iOS";
				FRAMEWORK_SEARCH_PATHS = (
					"$(SDKROOT)/Developer/Library/Frameworks",
					"$(inherited)",
					"$(DEVELOPER_FRAMEWORKS_DIR)",
				);
				GCC_PRECOMPILE_PREFIX_HEADER = YES;
				GCC_PREFIX_HEADER = "Adefy iOS/Adefy iOS-Prefix.pch";
				GCC_PREPROCESSOR_DEFINITIONS = (
					"DEBUG=1",
					"$(inherited)",
				);
				INFOPLIST_FILE = "Adefy iOSTests/Adefy iOSTests-Info.plist";
				PRODUCT_NAME = "$(TARGET_NAME)";
				TEST_HOST = "$(BUNDLE_LOADER)";
				WRAPPER_EXTENSION = xctest;
			};
			name = Debug;
		};
		09655CEF18F47CE9002D4C92 /* Release */ = {
			isa = XCBuildConfiguration;
			buildSettings = {
				ARCHS = "$(ARCHS_STANDARD_INCLUDING_64_BIT)";
				BUNDLE_LOADER = "$(BUILT_PRODUCTS_DIR)/Adefy iOS.app/Adefy iOS";
				FRAMEWORK_SEARCH_PATHS = (
					"$(SDKROOT)/Developer/Library/Frameworks",
					"$(inherited)",
					"$(DEVELOPER_FRAMEWORKS_DIR)",
				);
				GCC_PRECOMPILE_PREFIX_HEADER = YES;
				GCC_PREFIX_HEADER = "Adefy iOS/Adefy iOS-Prefix.pch";
				INFOPLIST_FILE = "Adefy iOSTests/Adefy iOSTests-Info.plist";
				PRODUCT_NAME = "$(TARGET_NAME)";
				TEST_HOST = "$(BUNDLE_LOADER)";
				WRAPPER_EXTENSION = xctest;
			};
			name = Release;
		};
/* End XCBuildConfiguration section */

/* Begin XCConfigurationList section */
		09655CA818F47CE9002D4C92 /* Build configuration list for PBXProject "Adefy iOS" */ = {
			isa = XCConfigurationList;
			buildConfigurations = (
				09655CE818F47CE9002D4C92 /* Debug */,
				09655CE918F47CE9002D4C92 /* Release */,
			);
			defaultConfigurationIsVisible = 0;
			defaultConfigurationName = Release;
		};
		09655CEA18F47CE9002D4C92 /* Build configuration list for PBXNativeTarget "Adefy iOS" */ = {
			isa = XCConfigurationList;
			buildConfigurations = (
				09655CEB18F47CE9002D4C92 /* Debug */,
				09655CEC18F47CE9002D4C92 /* Release */,
			);
			defaultConfigurationIsVisible = 0;
			defaultConfigurationName = Release;
		};
		09655CED18F47CE9002D4C92 /* Build configuration list for PBXNativeTarget "Adefy iOSTests" */ = {
			isa = XCConfigurationList;
			buildConfigurations = (
				09655CEE18F47CE9002D4C92 /* Debug */,
				09655CEF18F47CE9002D4C92 /* Release */,
			);
			defaultConfigurationIsVisible = 0;
			defaultConfigurationName = Release;
		};
/* End XCConfigurationList section */
	};
	rootObject = 09655CA518F47CE9002D4C92 /* Project object */;
}
